// !$*UTF8*$!
{
	archiveVersion = 1;
	classes = {
	};
	objectVersion = 77;
	objects = {

/* Begin PBXContainerItemProxy section */
		DF08D11D2F7A23E000706EC0 /* PBXContainerItemProxy */ = {
			isa = PBXContainerItemProxy;
			containerPortal = DF08D1032F7A23D700706EC0 /* Project object */;
			proxyType = 1;
			remoteGlobalIDString = DF08D10A2F7A23D700706EC0;
			remoteInfo = Joi;
		};
		DF08D1272F7A23E000706EC0 /* PBXContainerItemProxy */ = {
			isa = PBXContainerItemProxy;
			containerPortal = DF08D1032F7A23D700706EC0 /* Project object */;
			proxyType = 1;
			remoteGlobalIDString = DF08D10A2F7A23D700706EC0;
			remoteInfo = Joi;
		};
/* End PBXContainerItemProxy section */

/* Begin PBXFileReference section */
		DF08D10B2F7A23D700706EC0 /* Joi.app */ = {isa = PBXFileReference; explicitFileType = wrapper.application; includeInIndex = 0; path = Joi.app; sourceTree = BUILT_PRODUCTS_DIR; };
		DF08D11C2F7A23E000706EC0 /* JoiTests.xctest */ = {isa = PBXFileReference; explicitFileType = wrapper.cfbundle; includeInIndex = 0; path = JoiTests.xctest; sourceTree = BUILT_PRODUCTS_DIR; };
		DF08D1262F7A23E000706EC0 /* JoiUITests.xctest */ = {isa = PBXFileReference; explicitFileType = wrapper.cfbundle; includeInIndex = 0; path = JoiUITests.xctest; sourceTree = BUILT_PRODUCTS_DIR; };
/* End PBXFileReference section */

/* Begin PBXFileSystemSynchronizedRootGroup section */
		DF08D10D2F7A23D700706EC0 /* Joi */ = {
			isa = PBXFileSystemSynchronizedRootGroup;
			path = Joi;
			sourceTree = "<group>";
		};
		DF08D11F2F7A23E000706EC0 /* JoiTests */ = {
			isa = PBXFileSystemSynchronizedRootGroup;
			path = JoiTests;
			sourceTree = "<group>";
		};
		DF08D1292F7A23E000706EC0 /* JoiUITests */ = {
			isa = PBXFileSystemSynchronizedRootGroup;
			path = JoiUITests;
			sourceTree = "<group>";
		};
/* End PBXFileSystemSynchronizedRootGroup section */

/* Begin PBXFrameworksBuildPhase section */
		DF08D1082F7A23D700706EC0 /* Frameworks */ = {
			isa = PBXFrameworksBuildPhase;
			buildActionMask = 2147483647;
			files = (
			);
			runOnlyForDeploymentPostprocessing = 0;
		};
		DF08D1192F7A23E000706EC0 /* Frameworks */ = {
			isa = PBXFrameworksBuildPhase;
			buildActionMask = 2147483647;
			files = (
			);
			runOnlyForDeploymentPostprocessing = 0;
		};
		DF08D1232F7A23E000706EC0 /* Frameworks */ = {
			isa = PBXFrameworksBuildPhase;
			buildActionMask = 2147483647;
			files = (
			);
			runOnlyForDeploymentPostprocessing = 0;
		};
/* End PBXFrameworksBuildPhase section */

/* Begin PBXGroup section */
		DF08D1022F7A23D700706EC0 = {
			isa = PBXGroup;
			children = (
				DF08D10D2F7A23D700706EC0 /* Joi */,
				DF08D11F2F7A23E000706EC0 /* JoiTests */,
				DF08D1292F7A23E000706EC0 /* JoiUITests */,
				DF08D10C2F7A23D700706EC0 /* Products */,
			);
			sourceTree = "<group>";
		};
		DF08D10C2F7A23D700706EC0 /* Products */ = {
			isa = PBXGroup;
			children = (
				DF08D10B2F7A23D700706EC0 /* Joi.app */,
				DF08D11C2F7A23E000706EC0 /* JoiTests.xctest */,
				DF08D1262F7A23E000706EC0 /* JoiUITests.xctest */,
			);
			name = Products;
			sourceTree = "<group>";
		};
/* End PBXGroup section */

/* Begin PBXNativeTarget section */
		DF08D10A2F7A23D700706EC0 /* Joi */ = {
			isa = PBXNativeTarget;
			buildConfigurationList = DF08D1302F7A23E000706EC0 /* Build configuration list for PBXNativeTarget "Joi" */;
			buildPhases = (
				DF08D1072F7A23D700706EC0 /* Sources */,
				DF08D1082F7A23D700706EC0 /* Frameworks */,
				DF08D1092F7A23D700706EC0 /* Resources */,
			);
			buildRules = (
			);
			dependencies = (
			);
			fileSystemSynchronizedGroups = (
				DF08D10D2F7A23D700706EC0 /* Joi */,
			);
			name = Joi;
			packageProductDependencies = (
			);
			productName = Joi;
			productReference = DF08D10B2F7A23D700706EC0 /* Joi.app */;
			productType = "com.apple.product-type.application";
		};
		DF08D11B2F7A23E000706EC0 /* JoiTests */ = {
			isa = PBXNativeTarget;
			buildConfigurationList = DF08D1332F7A23E000706EC0 /* Build configuration list for PBXNativeTarget "JoiTests" */;
			buildPhases = (
				DF08D1182F7A23E000706EC0 /* Sources */,
				DF08D1192F7A23E000706EC0 /* Frameworks */,
				DF08D11A2F7A23E000706EC0 /* Resources */,
			);
			buildRules = (
			);
			dependencies = (
				DF08D11E2F7A23E000706EC0 /* PBXTargetDependency */,
			);
			fileSystemSynchronizedGroups = (
				DF08D11F2F7A23E000706EC0 /* JoiTests */,
			);
			name = JoiTests;
			packageProductDependencies = (
			);
			productName = JoiTests;
			productReference = DF08D11C2F7A23E000706EC0 /* JoiTests.xctest */;
			productType = "com.apple.product-type.bundle.unit-test";
		};
		DF08D1252F7A23E000706EC0 /* JoiUITests */ = {
			isa = PBXNativeTarget;
			buildConfigurationList = DF08D1362F7A23E000706EC0 /* Build configuration list for PBXNativeTarget "JoiUITests" */;
			buildPhases = (
				DF08D1222F7A23E000706EC0 /* Sources */,
				DF08D1232F7A23E000706EC0 /* Frameworks */,
				DF08D1242F7A23E000706EC0 /* Resources */,
			);
			buildRules = (
			);
			dependencies = (
				DF08D1282F7A23E000706EC0 /* PBXTargetDependency */,
			);
			fileSystemSynchronizedGroups = (
				DF08D1292F7A23E000706EC0 /* JoiUITests */,
			);
			name = JoiUITests;
			packageProductDependencies = (
			);
			productName = JoiUITests;
			productReference = DF08D1262F7A23E000706EC0 /* JoiUITests.xctest */;
			productType = "com.apple.product-type.bundle.ui-testing";
		};
/* End PBXNativeTarget section */

/* Begin PBXProject section */
		DF08D1032F7A23D700706EC0 /* Project object */ = {
			isa = PBXProject;
			attributes = {
				BuildIndependentTargetsInParallel = 1;
				LastSwiftUpdateCheck = 1600;
				LastUpgradeCheck = 1600;
				TargetAttributes = {
					DF08D10A2F7A23D700706EC0 = {
						CreatedOnToolsVersion = 16.0;
					};
					DF08D11B2F7A23E000706EC0 = {
						CreatedOnToolsVersion = 16.0;
						TestTargetID = DF08D10A2F7A23D700706EC0;
					};
					DF08D1252F7A23E000706EC0 = {
						CreatedOnToolsVersion = 16.0;
						TestTargetID = DF08D10A2F7A23D700706EC0;
					};
				};
			};
			buildConfigurationList = DF08D1062F7A23D700706EC0 /* Build configuration list for PBXProject "Joi" */;
			developmentRegion = en;
			hasScannedForEncodings = 0;
			knownRegions = (
				en,
				Base,
			);
			mainGroup = DF08D1022F7A23D700706EC0;
			minimizedProjectReferenceProxies = 1;
			preferredProjectObjectVersion = 77;
			productRefGroup = DF08D10C2F7A23D700706EC0 /* Products */;
			projectDirPath = "";
			projectRoot = "";
			targets = (
				DF08D10A2F7A23D700706EC0 /* Joi */,
				DF08D11B2F7A23E000706EC0 /* JoiTests */,
				DF08D1252F7A23E000706EC0 /* JoiUITests */,
			);
		};
/* End PBXProject section */

/* Begin PBXResourcesBuildPhase section */
		DF08D1092F7A23D700706EC0 /* Resources */ = {
			isa = PBXResourcesBuildPhase;
			buildActionMask = 2147483647;
			files = (
			);
			runOnlyForDeploymentPostprocessing = 0;
		};
		DF08D11A2F7A23E000706EC0 /* Resources */ = {
			isa = PBXResourcesBuildPhase;
			buildActionMask = 2147483647;
			files = (
			);
			runOnlyForDeploymentPostprocessing = 0;
		};
		DF08D1242F7A23E000706EC0 /* Resources */ = {
			isa = PBXResourcesBuildPhase;
			buildActionMask = 2147483647;
			files = (
			);
			runOnlyForDeploymentPostprocessing = 0;
		};
/* End PBXResourcesBuildPhase section */

/* Begin PBXSourcesBuildPhase section */
		DF08D1072F7A23D700706EC0 /* Sources */ = {
			isa = PBXSourcesBuildPhase;
			buildActionMask = 2147483647;
			files = (
			);
			runOnlyForDeploymentPostprocessing = 0;
		};
		DF08D1182F7A23E000706EC0 /* Sources */ = {
			isa = PBXSourcesBuildPhase;
			buildActionMask = 2147483647;
			files = (
			);
			runOnlyForDeploymentPostprocessing = 0;
		};
		DF08D1222F7A23E000706EC0 /* Sources */ = {
			isa = PBXSourcesBuildPhase;
			buildActionMask = 2147483647;
			files = (
			);
			runOnlyForDeploymentPostprocessing = 0;
		};
/* End PBXSourcesBuildPhase section */

/* Begin PBXTargetDependency section */
		DF08D11E2F7A23E000706EC0 /* PBXTargetDependency */ = {
			isa = PBXTargetDependency;
			target = DF08D10A2F7A23D700706EC0 /* Joi */;
			targetProxy = DF08D11D2F7A23E000706EC0 /* PBXContainerItemProxy */;
		};
		DF08D1282F7A23E000706EC0 /* PBXTargetDependency */ = {
			isa = PBXTargetDependency;
			target = DF08D10A2F7A23D700706EC0 /* Joi */;
			targetProxy = DF08D1272F7A23E000706EC0 /* PBXContainerItemProxy */;
		};
/* End PBXTargetDependency section */

/* Begin XCBuildConfiguration section */
		DF08D12E2F7A23E000706EC0 /* Debug */ = {
			isa = XCBuildConfiguration;
			buildSettings = {
				ALWAYS_SEARCH_USER_PATHS = NO;
				ASSETCATALOG_COMPILER_GENERATE_SWIFT_ASSET_SYMBOL_EXTENSIONS = YES;
				CLANG_ANALYZER_NONNULL = YES;
				CLANG_ANALYZER_NUMBER_OBJECT_CONVERSION = YES_AGGRESSIVE;
				CLANG_CXX_LANGUAGE_STANDARD = "gnu++20";
				CLANG_ENABLE_MODULES = YES;
				CLANG_ENABLE_OBJC_ARC = YES;
				CLANG_ENABLE_OBJC_WEAK = YES;
				CLANG_WARN_BLOCK_CAPTURE_AUTORELEASING = YES;
				CLANG_WARN_BOOL_CONVERSION = YES;
				CLANG_WARN_COMMA = YES;
				CLANG_WARN_CONSTANT_CONVERSION = YES;
				CLANG_WARN_DEPRECATED_OBJC_IMPLEMENTATIONS = YES;
				CLANG_WARN_DIRECT_OBJC_ISA_USAGE = YES_ERROR;
				CLANG_WARN_DOCUMENTATION_COMMENTS = YES;
				CLANG_WARN_EMPTY_BODY = YES;
				CLANG_WARN_ENUM_CONVERSION = YES;
				CLANG_WARN_INFINITE_RECURSION = YES;
				CLANG_WARN_INT_CONVERSION = YES;
				CLANG_WARN_NON_LITERAL_NULL_CONVERSION = YES;
				CLANG_WARN_OBJC_IMPLICIT_RETAIN_SELF = YES;
				CLANG_WARN_OBJC_LITERAL_CONVERSION = YES;
				CLANG_WARN_OBJC_ROOT_CLASS = YES_ERROR;
				CLANG_WARN_QUOTED_INCLUDE_IN_FRAMEWORK_HEADER = YES;
				CLANG_WARN_RANGE_LOOP_ANALYSIS = YES;
				CLANG_WARN_STRICT_PROTOTYPES = YES;
				CLANG_WARN_SUSPICIOUS_MOVE = YES;
				CLANG_WARN_UNGUARDED_AVAILABILITY = YES_AGGRESSIVE;
				CLANG_WARN_UNREACHABLE_CODE = YES;
				CLANG_WARN__DUPLICATE_METHOD_MATCH = YES;
				COPY_PHASE_STRIP = NO;
				DEBUG_INFORMATION_FORMAT = dwarf;
				ENABLE_STRICT_OBJC_MSGSEND = YES;
				ENABLE_TESTABILITY = YES;
				ENABLE_USER_SCRIPT_SANDBOXING = YES;
				GCC_C_LANGUAGE_STANDARD = gnu17;
				GCC_DYNAMIC_NO_PIC = NO;
				GCC_NO_COMMON_BLOCKS = YES;
				GCC_OPTIMIZATION_LEVEL = 0;
				GCC_PREPROCESSOR_DEFINITIONS = (
					"DEBUG=1",
					"$(inherited)",
				);
				GCC_WARN_64_TO_32_BIT_CONVERSION = YES;
				GCC_WARN_ABOUT_RETURN_TYPE = YES_ERROR;
				GCC_WARN_UNDECLARED_SELECTOR = YES;
				GCC_WARN_UNINITIALIZED_AUTOS = YES_AGGRESSIVE;
				GCC_WARN_UNUSED_FUNCTION = YES;
				GCC_WARN_UNUSED_VARIABLE = YES;
				LOCALIZATION_PREFERS_STRING_CATALOGS = YES;
				MACOSX_DEPLOYMENT_TARGET = 14.8;
				MTL_ENABLE_DEBUG_INFO = INCLUDE_SOURCE;
				MTL_FAST_MATH = YES;
				ONLY_ACTIVE_ARCH = YES;
				SDKROOT = macosx;
				SWIFT_ACTIVE_COMPILATION_CONDITIONS = "DEBUG $(inherited)";
				SWIFT_OPTIMIZATION_LEVEL = "-Onone";
			};
			name = Debug;
		};
		DF08D12F2F7A23E000706EC0 /* Release */ = {
			isa = XCBuildConfiguration;
			buildSettings = {
				ALWAYS_SEARCH_USER_PATHS = NO;
				ASSETCATALOG_COMPILER_GENERATE_SWIFT_ASSET_SYMBOL_EXTENSIONS = YES;
				CLANG_ANALYZER_NONNULL = YES;
				CLANG_ANALYZER_NUMBER_OBJECT_CONVERSION = YES_AGGRESSIVE;
				CLANG_CXX_LANGUAGE_STANDARD = "gnu++20";
				CLANG_ENABLE_MODULES = YES;
				CLANG_ENABLE_OBJC_ARC = YES;
				CLANG_ENABLE_OBJC_WEAK = YES;
				CLANG_WARN_BLOCK_CAPTURE_AUTORELEASING = YES;
				CLANG_WARN_BOOL_CONVERSION = YES;
				CLANG_WARN_COMMA = YES;
				CLANG_WARN_CONSTANT_CONVERSION = YES;
				CLANG_WARN_DEPRECATED_OBJC_IMPLEMENTATIONS = YES;
				CLANG_WARN_DIRECT_OBJC_ISA_USAGE = YES_ERROR;
				CLANG_WARN_DOCUMENTATION_COMMENTS = YES;
				CLANG_WARN_EMPTY_BODY = YES;
				CLANG_WARN_ENUM_CONVERSION = YES;
				CLANG_WARN_INFINITE_RECURSION = YES;
				CLANG_WARN_INT_CONVERSION = YES;
				CLANG_WARN_NON_LITERAL_NULL_CONVERSION = YES;
				CLANG_WARN_OBJC_IMPLICIT_RETAIN_SELF = YES;
				CLANG_WARN_OBJC_LITERAL_CONVERSION = YES;
				CLANG_WARN_OBJC_ROOT_CLASS = YES_ERROR;
				CLANG_WARN_QUOTED_INCLUDE_IN_FRAMEWORK_HEADER = YES;
				CLANG_WARN_RANGE_LOOP_ANALYSIS = YES;
				CLANG_WARN_STRICT_PROTOTYPES = YES;
				CLANG_WARN_SUSPICIOUS_MOVE = YES;
				CLANG_WARN_UNGUARDED_AVAILABILITY = YES_AGGRESSIVE;
				CLANG_WARN_UNREACHABLE_CODE = YES;
				CLANG_WARN__DUPLICATE_METHOD_MATCH = YES;
				COPY_PHASE_STRIP = NO;
				DEBUG_INFORMATION_FORMAT = "dwarf-with-dsym";
				ENABLE_NS_ASSERTIONS = NO;
				ENABLE_STRICT_OBJC_MSGSEND = YES;
				ENABLE_USER_SCRIPT_SANDBOXING = YES;
				GCC_C_LANGUAGE_STANDARD = gnu17;
				GCC_NO_COMMON_BLOCKS = YES;
				GCC_WARN_64_TO_32_BIT_CONVERSION = YES;
				GCC_WARN_ABOUT_RETURN_TYPE = YES_ERROR;
				GCC_WARN_UNDECLARED_SELECTOR = YES;
				GCC_WARN_UNINITIALIZED_AUTOS = YES_AGGRESSIVE;
				GCC_WARN_UNUSED_FUNCTION = YES;
				GCC_WARN_UNUSED_VARIABLE = YES;
				LOCALIZATION_PREFERS_STRING_CATALOGS = YES;
				MACOSX_DEPLOYMENT_TARGET = 14.8;
				MTL_ENABLE_DEBUG_INFO = NO;
				MTL_FAST_MATH = YES;
				SDKROOT = macosx;
				SWIFT_COMPILATION_MODE = wholemodule;
			};
			name = Release;
		};
		DF08D1312F7A23E000706EC0 /* Debug */ = {
			isa = XCBuildConfiguration;
			buildSettings = {
				ASSETCATALOG_COMPILER_APPICON_NAME = AppIcon;
				ASSETCATALOG_COMPILER_GLOBAL_ACCENT_COLOR_NAME = AccentColor;
				CODE_SIGN_ENTITLEMENTS = Joi/Joi.entitlements;
				CODE_SIGN_STYLE = Automatic;
				COMBINE_HIDPI_IMAGES = YES;
				CURRENT_PROJECT_VERSION = 1;
				DEVELOPMENT_ASSET_PATHS = "\"Joi/Preview Content\"";
				DEVELOPMENT_TEAM = 76ZB8M2L49;
				ENABLE_HARDENED_RUNTIME = YES;
				ENABLE_PREVIEWS = YES;
				GENERATE_INFOPLIST_FILE = NO;
				INFOPLIST_FILE = Info.plist;
				LD_RUNPATH_SEARCH_PATHS = (
					"$(inherited)",
					"@executable_path/../Frameworks",
				);
				MARKETING_VERSION = 1.0;
				PRODUCT_BUNDLE_IDENTIFIER = com.Joi;
				PRODUCT_NAME = "$(TARGET_NAME)";
				SWIFT_EMIT_LOC_STRINGS = YES;
				SWIFT_VERSION = 5.0;
			};
			name = Debug;
		};
		DF08D1322F7A23E000706EC0 /* Release */ = {
			isa = XCBuildConfiguration;
			buildSettings = {
				ASSETCATALOG_COMPILER_APPICON_NAME = AppIcon;
				ASSETCATALOG_COMPILER_GLOBAL_ACCENT_COLOR_NAME = AccentColor;
				CODE_SIGN_ENTITLEMENTS = Joi/Joi.entitlements;
				CODE_SIGN_STYLE = Automatic;
				COMBINE_HIDPI_IMAGES = YES;
				CURRENT_PROJECT_VERSION = 1;
				DEVELOPMENT_ASSET_PATHS = "\"Joi/Preview Content\"";
				DEVELOPMENT_TEAM = 76ZB8M2L49;
				ENABLE_HARDENED_RUNTIME = YES;
				ENABLE_PREVIEWS = YES;
				GENERATE_INFOPLIST_FILE = NO;
				INFOPLIST_FILE = Info.plist;
				LD_RUNPATH_SEARCH_PATHS = (
					"$(inherited)",
					"@executable_path/../Frameworks",
				);
				MARKETING_VERSION = 1.0;
				PRODUCT_BUNDLE_IDENTIFIER = com.Joi;
				PRODUCT_NAME = "$(TARGET_NAME)";
				SWIFT_EMIT_LOC_STRINGS = YES;
				SWIFT_VERSION = 5.0;
			};
			name = Release;
		};
		DF08D1342F7A23E000706EC0 /* Debug */ = {
			isa = XCBuildConfiguration;
			buildSettings = {
				BUNDLE_LOADER = "$(TEST_HOST)";
				CODE_SIGN_STYLE = Automatic;
				CURRENT_PROJECT_VERSION = 1;
				DEVELOPMENT_TEAM = 76ZB8M2L49;
				GENERATE_INFOPLIST_FILE = YES;
				MACOSX_DEPLOYMENT_TARGET = 14.8;
				MARKETING_VERSION = 1.0;
				PRODUCT_BUNDLE_IDENTIFIER = com.JoiTests;
				PRODUCT_NAME = "$(TARGET_NAME)";
				SWIFT_EMIT_LOC_STRINGS = NO;
				SWIFT_VERSION = 5.0;
				TEST_HOST = "$(BUILT_PRODUCTS_DIR)/Joi.app/$(BUNDLE_EXECUTABLE_FOLDER_PATH)/Joi";
			};
			name = Debug;
		};
		DF08D1352F7A23E000706EC0 /* Release */ = {
			isa = XCBuildConfiguration;
			buildSettings = {
				BUNDLE_LOADER = "$(TEST_HOST)";
				CODE_SIGN_STYLE = Automatic;
				CURRENT_PROJECT_VERSION = 1;
				DEVELOPMENT_TEAM = 76ZB8M2L49;
				GENERATE_INFOPLIST_FILE = YES;
				MACOSX_DEPLOYMENT_TARGET = 14.8;
				MARKETING_VERSION = 1.0;
				PRODUCT_BUNDLE_IDENTIFIER = com.JoiTests;
				PRODUCT_NAME = "$(TARGET_NAME)";
				SWIFT_EMIT_LOC_STRINGS = NO;
				SWIFT_VERSION = 5.0;
				TEST_HOST = "$(BUILT_PRODUCTS_DIR)/Joi.app/$(BUNDLE_EXECUTABLE_FOLDER_PATH)/Joi";
			};
			name = Release;
		};
		DF08D1372F7A23E000706EC0 /* Debug */ = {
			isa = XCBuildConfiguration;
			buildSettings = {
				CODE_SIGN_STYLE = Automatic;
				CURRENT_PROJECT_VERSION = 1;
				DEVELOPMENT_TEAM = 76ZB8M2L49;
				GENERATE_INFOPLIST_FILE = YES;
				MARKETING_VERSION = 1.0;
				PRODUCT_BUNDLE_IDENTIFIER = com.JoiUITests;
				PRODUCT_NAME = "$(TARGET_NAME)";
				SWIFT_EMIT_LOC_STRINGS = NO;
				SWIFT_VERSION = 5.0;
				TEST_TARGET_NAME = Joi;
			};
			name = Debug;
		};
		DF08D1382F7A23E000706EC0 /* Release */ = {
			isa = XCBuildConfiguration;
			buildSettings = {
				CODE_SIGN_STYLE = Automatic;
				CURRENT_PROJECT_VERSION = 1;
				DEVELOPMENT_TEAM = 76ZB8M2L49;
				GENERATE_INFOPLIST_FILE = YES;
				MARKETING_VERSION = 1.0;
				PRODUCT_BUNDLE_IDENTIFIER = com.JoiUITests;
				PRODUCT_NAME = "$(TARGET_NAME)";
				SWIFT_EMIT_LOC_STRINGS = NO;
				SWIFT_VERSION = 5.0;
				TEST_TARGET_NAME = Joi;
			};
			name = Release;
		};
/* End XCBuildConfiguration section */

/* Begin XCConfigurationList section */
		DF08D1062F7A23D700706EC0 /* Build configuration list for PBXProject "Joi" */ = {
			isa = XCConfigurationList;
			buildConfigurations = (
				DF08D12E2F7A23E000706EC0 /* Debug */,
				DF08D12F2F7A23E000706EC0 /* Release */,
			);
			defaultConfigurationIsVisible = 0;
			defaultConfigurationName = Release;
		};
		DF08D1302F7A23E000706EC0 /* Build configuration list for PBXNativeTarget "Joi" */ = {
			isa = XCConfigurationList;
			buildConfigurations = (
				DF08D1312F7A23E000706EC0 /* Debug */,
				DF08D1322F7A23E000706EC0 /* Release */,
			);
			defaultConfigurationIsVisible = 0;
			defaultConfigurationName = Release;
		};
		DF08D1332F7A23E000706EC0 /* Build configuration list for PBXNativeTarget "JoiTests" */ = {
			isa = XCConfigurationList;
			buildConfigurations = (
				DF08D1342F7A23E000706EC0 /* Debug */,
				DF08D1352F7A23E000706EC0 /* Release */,
			);
			defaultConfigurationIsVisible = 0;
			defaultConfigurationName = Release;
		};
		DF08D1362F7A23E000706EC0 /* Build configuration list for PBXNativeTarget "JoiUITests" */ = {
			isa = XCConfigurationList;
			buildConfigurations = (
				DF08D1372F7A23E000706EC0 /* Debug */,
				DF08D1382F7A23E000706EC0 /* Release */,
			);
			defaultConfigurationIsVisible = 0;
			defaultConfigurationName = Release;
		};
/* End XCConfigurationList section */
	};
	rootObject = DF08D1032F7A23D700706EC0 /* Project object */;
}
